
Microsoft Visual Studio Solution File, Format Version 12.00
# Visual Studio 15
VisualStudioVersion = 15.0.27004.2008
MinimumVisualStudioVersion = 10.0.40219.1
Project("{FAE04EC0-301F-11D3-BF4B-00C04F79EFBC}") = "JobCardProject", "JobCardProject\JobCardProject.csproj", "{5AE7B011-FFAD-4990-B587-2DB3C7FAC03E}"
EndProject
Global
	GlobalSection(SolutionConfigurationPlatforms) = preSolution
		Debug|Any CPU = Debug|Any CPU
		Release|Any CPU = Release|Any CPU
	EndGlobalSection
	GlobalSection(ProjectConfigurationPlatforms) = postSolution
		{5AE7B011-FFAD-4990-B587-2DB3C7FAC03E}.Debug|Any CPU.ActiveCfg = Debug|Any CPU
		{5AE7B011-FFAD-4990-B587-2DB3C7FAC03E}.Debug|Any CPU.Build.0 = Debug|Any CPU
		{5AE7B011-FFAD-4990-B587-2DB3C7FAC03E}.Release|Any CPU.ActiveCfg = Release|Any CPU
		{5AE7B011-FFAD-4990-B587-2DB3C7FAC03E}.Release|Any CPU.Build.0 = Release|Any CPU
	EndGlobalSection
	GlobalSection(SolutionProperties) = preSolution
		HideSolutionNode = FALSE
	EndGlobalSection
	GlobalSection(ExtensibilityGlobals) = postSolution
		SolutionGuid = {360ED6C5-1389-4FD6-863F-8B9E81B6E6F5}
	EndGlobalSection
EndGlobal
